
Microsoft Visual Studio Solution File, Format Version 12.00
# Visual Studio Version 16
VisualStudioVersion = 16.0.30011.22
MinimumVisualStudioVersion = 10.0.40219.1
Project("{FAE04EC0-301F-11D3-BF4B-00C04F79EFBC}") = "WebApplication3", "WebApplication3\WebApplication3.csproj", "{4C6A224A-617C-4DAE-9B23-392B72377FF1}"
EndProject
Project("{FAE04EC0-301F-11D3-BF4B-00C04F79EFBC}") = "WebApplication1", "WebApplication1\WebApplication1.csproj", "{3D22344B-55A0-4EC6-B786-14386C3273BB}"
EndProject
Global
	GlobalSection(SolutionConfigurationPlatforms) = preSolution
		Debug|Any CPU = Debug|Any CPU
		Release|Any CPU = Release|Any CPU
	EndGlobalSection
	GlobalSection(ProjectConfigurationPlatforms) = postSolution
		{4C6A224A-617C-4DAE-9B23-392B72377FF1}.Debug|Any CPU.ActiveCfg = Debug|Any CPU
		{4C6A224A-617C-4DAE-9B23-392B72377FF1}.Debug|Any CPU.Build.0 = Debug|Any CPU
		{4C6A224A-617C-4DAE-9B23-392B72377FF1}.Release|Any CPU.ActiveCfg = Release|Any CPU
		{4C6A224A-617C-4DAE-9B23-392B72377FF1}.Release|Any CPU.Build.0 = Release|Any CPU
		{3D22344B-55A0-4EC6-B786-14386C3273BB}.Debug|Any CPU.ActiveCfg = Debug|Any CPU
		{3D22344B-55A0-4EC6-B786-14386C3273BB}.Debug|Any CPU.Build.0 = Debug|Any CPU
		{3D22344B-55A0-4EC6-B786-14386C3273BB}.Release|Any CPU.ActiveCfg = Release|Any CPU
		{3D22344B-55A0-4EC6-B786-14386C3273BB}.Release|Any CPU.Build.0 = Release|Any CPU
	EndGlobalSection
	GlobalSection(SolutionProperties) = preSolution
		HideSolutionNode = FALSE
	EndGlobalSection
	GlobalSection(ExtensibilityGlobals) = postSolution
		SolutionGuid = {42C309C0-6CF6-4E31-9C9F-E55C87D17F12}
	EndGlobalSection
EndGlobal
